
Microsoft Visual Studio Solution File, Format Version 12.00
# Visual Studio Version 17
VisualStudioVersion = 17.8.34322.80
MinimumVisualStudioVersion = 10.0.40219.1
Project("{8BC9CEB8-8B4A-11D0-8D11-00A0C91BC942}") = "src", "src\src.vcxproj", "{19B50F04-8358-4F27-93E4-65F1D11BC0AC}"
EndProject
Global
	GlobalSection(SolutionConfigurationPlatforms) = preSolution
		Debug|x64 = Debug|x64
		Debug|x86 = Debug|x86
		Release|x64 = Release|x64
		Release|x86 = Release|x86
	EndGlobalSection
	GlobalSection(ProjectConfigurationPlatforms) = postSolution
		{19B50F04-8358-4F27-93E4-65F1D11BC0AC}.Debug|x64.ActiveCfg = Debug|x64
		{19B50F04-8358-4F27-93E4-65F1D11BC0AC}.Debug|x64.Build.0 = Debug|x64
		{19B50F04-8358-4F27-93E4-65F1D11BC0AC}.Debug|x86.ActiveCfg = Debug|Win32
		{19B50F04-8358-4F27-93E4-65F1D11BC0AC}.Debug|x86.Build.0 = Debug|Win32
		{19B50F04-8358-4F27-93E4-65F1D11BC0AC}.Release|x64.ActiveCfg = Release|x64
		{19B50F04-8358-4F27-93E4-65F1D11BC0AC}.Release|x64.Build.0 = Release|x64
		{19B50F04-8358-4F27-93E4-65F1D11BC0AC}.Release|x86.ActiveCfg = Release|Win32
		{19B50F04-8358-4F27-93E4-65F1D11BC0AC}.Release|x86.Build.0 = Release|Win32
	EndGlobalSection
	GlobalSection(SolutionProperties) = preSolution
		HideSolutionNode = FALSE
	EndGlobalSection
	GlobalSection(ExtensibilityGlobals) = postSolution
		SolutionGuid = {3CDFB193-A9A8-4FC5-95DD-4C661F4CFE12}
	EndGlobalSection
EndGlobal
